// !$*UTF8*$!
{
	archiveVersion = 1;
	classes = {
	};
	objectVersion = 50;
	objects = {

/* Begin PBXBuildFile section */
		0C733A11241500B20014FF72 /* AudioView.swift in Sources */ = {isa = PBXBuildFile; fileRef = 0C733A10241500B20014FF72 /* AudioView.swift */; };
		0C733A13241500DB0014FF72 /* MenuView.swift in Sources */ = {isa = PBXBuildFile; fileRef = 0C733A12241500DB0014FF72 /* MenuView.swift */; };
		0C880338253B333400E196D7 /* SUIVideoPlayer.swift in Sources */ = {isa = PBXBuildFile; fileRef = 0C880337253B332D00E196D7 /* SUIVideoPlayer.swift */; };
		0C8DC067232900B3000B067C /* AppDelegate.swift in Sources */ = {isa = PBXBuildFile; fileRef = 0C8DC066232900B3000B067C /* AppDelegate.swift */; };
		0C8DC069232900B3000B067C /* SceneDelegate.swift in Sources */ = {isa = PBXBuildFile; fileRef = 0C8DC068232900B3000B067C /* SceneDelegate.swift */; };
		0C8DC06B232900B3000B067C /* VideoView.swift in Sources */ = {isa = PBXBuildFile; fileRef = 0C8DC06A232900B3000B067C /* VideoView.swift */; };
		0C8DC06D232900BA000B067C /* Assets.xcassets in Resources */ = {isa = PBXBuildFile; fileRef = 0C8DC06C232900BA000B067C /* Assets.xcassets */; };
		0C8DC070232900BA000B067C /* Preview Assets.xcassets in Resources */ = {isa = PBXBuildFile; fileRef = 0C8DC06F232900BA000B067C /* Preview Assets.xcassets */; };
		0C8DC073232900BA000B067C /* LaunchScreen.storyboard in Resources */ = {isa = PBXBuildFile; fileRef = 0C8DC071232900BA000B067C /* LaunchScreen.storyboard */; };
		0C8DC07B23290175000B067C /* Utility.swift in Sources */ = {isa = PBXBuildFile; fileRef = 0C8DC07A23290175000B067C /* Utility.swift */; };
/* End PBXBuildFile section */

/* Begin PBXFileReference section */
		0C733A10241500B20014FF72 /* AudioView.swift */ = {isa = PBXFileReference; lastKnownFileType = sourcecode.swift; path = AudioView.swift; sourceTree = "<group>"; };
		0C733A12241500DB0014FF72 /* MenuView.swift */ = {isa = PBXFileReference; lastKnownFileType = sourcecode.swift; path = MenuView.swift; sourceTree = "<group>"; };
		0C880337253B332D00E196D7 /* SUIVideoPlayer.swift */ = {isa = PBXFileReference; fileEncoding = 4; lastKnownFileType = sourcecode.swift; path = SUIVideoPlayer.swift; sourceTree = "<group>"; };
		0C8DC063232900B3000B067C /* AVPlayer-SwiftUI.app */ = {isa = PBXFileReference; explicitFileType = wrapper.application; includeInIndex = 0; path = "AVPlayer-SwiftUI.app"; sourceTree = BUILT_PRODUCTS_DIR; };
		0C8DC066232900B3000B067C /* AppDelegate.swift */ = {isa = PBXFileReference; lastKnownFileType = sourcecode.swift; path = AppDelegate.swift; sourceTree = "<group>"; };
		0C8DC068232900B3000B067C /* SceneDelegate.swift */ = {isa = PBXFileReference; lastKnownFileType = sourcecode.swift; path = SceneDelegate.swift; sourceTree = "<group>"; };
		0C8DC06A232900B3000B067C /* VideoView.swift */ = {isa = PBXFileReference; lastKnownFileType = sourcecode.swift; path = VideoView.swift; sourceTree = "<group>"; };
		0C8DC06C232900BA000B067C /* Assets.xcassets */ = {isa = PBXFileReference; lastKnownFileType = folder.assetcatalog; path = Assets.xcassets; sourceTree = "<group>"; };
		0C8DC06F232900BA000B067C /* Preview Assets.xcassets */ = {isa = PBXFileReference; lastKnownFileType = folder.assetcatalog; path = "Preview Assets.xcassets"; sourceTree = "<group>"; };
		0C8DC072232900BA000B067C /* Base */ = {isa = PBXFileReference; lastKnownFileType = file.storyboard; name = Base; path = Base.lproj/LaunchScreen.storyboard; sourceTree = "<group>"; };
		0C8DC074232900BA000B067C /* Info.plist */ = {isa = PBXFileReference; lastKnownFileType = text.plist.xml; path = Info.plist; sourceTree = "<group>"; };
		0C8DC07A23290175000B067C /* Utility.swift */ = {isa = PBXFileReference; lastKnownFileType = sourcecode.swift; path = Utility.swift; sourceTree = "<group>"; };
/* End PBXFileReference section */

/* Begin PBXFrameworksBuildPhase section */
		0C8DC060232900B3000B067C /* Frameworks */ = {
			isa = PBXFrameworksBuildPhase;
			buildActionMask = 2147483647;
			files = (
			);
			runOnlyForDeploymentPostprocessing = 0;
		};
/* End PBXFrameworksBuildPhase section */

/* Begin PBXGroup section */
		0C8DC05A232900B3000B067C = {
			isa = PBXGroup;
			children = (
				0C8DC065232900B3000B067C /* AVPlayer-SwiftUI */,
				0C8DC064232900B3000B067C /* Products */,
			);
			sourceTree = "<group>";
		};
		0C8DC064232900B3000B067C /* Products */ = {
			isa = PBXGroup;
			children = (
				0C8DC063232900B3000B067C /* AVPlayer-SwiftUI.app */,
			);
			name = Products;
			sourceTree = "<group>";
		};
		0C8DC065232900B3000B067C /* AVPlayer-SwiftUI */ = {
			isa = PBXGroup;
			children = (
				0C8DC066232900B3000B067C /* AppDelegate.swift */,
				0C8DC068232900B3000B067C /* SceneDelegate.swift */,
				0C733A12241500DB0014FF72 /* MenuView.swift */,
				0C8DC06A232900B3000B067C /* VideoView.swift */,
				0C733A10241500B20014FF72 /* AudioView.swift */,
				0C880337253B332D00E196D7 /* SUIVideoPlayer.swift */,
				0C8DC07A23290175000B067C /* Utility.swift */,
				0C8DC06C232900BA000B067C /* Assets.xcassets */,
				0C8DC071232900BA000B067C /* LaunchScreen.storyboard */,
				0C8DC074232900BA000B067C /* Info.plist */,
				0C8DC06E232900BA000B067C /* Preview Content */,
			);
			path = "AVPlayer-SwiftUI";
			sourceTree = "<group>";
		};
		0C8DC06E232900BA000B067C /* Preview Content */ = {
			isa = PBXGroup;
			children = (
				0C8DC06F232900BA000B067C /* Preview Assets.xcassets */,
			);
			path = "Preview Content";
			sourceTree = "<group>";
		};
/* End PBXGroup section */

/* Begin PBXNativeTarget section */
		0C8DC062232900B3000B067C /* AVPlayer-SwiftUI */ = {
			isa = PBXNativeTarget;
			buildConfigurationList = 0C8DC077232900BA000B067C /* Build configuration list for PBXNativeTarget "AVPlayer-SwiftUI" */;
			buildPhases = (
				0C8DC05F232900B3000B067C /* Sources */,
				0C8DC060232900B3000B067C /* Frameworks */,
				0C8DC061232900B3000B067C /* Resources */,
			);
			buildRules = (
			);
			dependencies = (
			);
			name = "AVPlayer-SwiftUI";
			productName = "AVPlayer-SwiftUI";
			productReference = 0C8DC063232900B3000B067C /* AVPlayer-SwiftUI.app */;
			productType = "com.apple.product-type.application";
		};
/* End PBXNativeTarget section */

/* Begin PBXProject section */
		0C8DC05B232900B3000B067C /* Project object */ = {
			isa = PBXProject;
			attributes = {
				LastSwiftUpdateCheck = 1100;
				LastUpgradeCheck = 1200;
				ORGANIZATIONNAME = "Chris Mash";
				TargetAttributes = {
					0C8DC062232900B3000B067C = {
						CreatedOnToolsVersion = 11.0;
					};
				};
			};
			buildConfigurationList = 0C8DC05E232900B3000B067C /* Build configuration list for PBXProject "AVPlayer-SwiftUI" */;
			compatibilityVersion = "Xcode 9.3";
			developmentRegion = en;
			hasScannedForEncodings = 0;
			knownRegions = (
				en,
				Base,
			);
			mainGroup = 0C8DC05A232900B3000B067C;
			productRefGroup = 0C8DC064232900B3000B067C /* Products */;
			projectDirPath = "";
			projectRoot = "";
			targets = (
				0C8DC062232900B3000B067C /* AVPlayer-SwiftUI */,
			);
		};
/* End PBXProject section */

/* Begin PBXResourcesBuildPhase section */
		0C8DC061232900B3000B067C /* Resources */ = {
			isa = PBXResourcesBuildPhase;
			buildActionMask = 2147483647;
			files = (
				0C8DC073232900BA000B067C /* LaunchScreen.storyboard in Resources */,
				0C8DC070232900BA000B067C /* Preview Assets.xcassets in Resources */,
				0C8DC06D232900BA000B067C /* Assets.xcassets in Resources */,
			);
			runOnlyForDeploymentPostprocessing = 0;
		};
/* End PBXResourcesBuildPhase section */

/* Begin PBXSourcesBuildPhase section */
		0C8DC05F232900B3000B067C /* Sources */ = {
			isa = PBXSourcesBuildPhase;
			buildActionMask = 2147483647;
			files = (
				0C8DC07B23290175000B067C /* Utility.swift in Sources */,
				0C733A13241500DB0014FF72 /* MenuView.swift in Sources */,
				0C733A11241500B20014FF72 /* AudioView.swift in Sources */,
				0C880338253B333400E196D7 /* SUIVideoPlayer.swift in Sources */,
				0C8DC067232900B3000B067C /* AppDelegate.swift in Sources */,
				0C8DC069232900B3000B067C /* SceneDelegate.swift in Sources */,
				0C8DC06B232900B3000B067C /* VideoView.swift in Sources */,
			);
			runOnlyForDeploymentPostprocessing = 0;
		};
/* End PBXSourcesBuildPhase section */

/* Begin PBXVariantGroup section */
		0C8DC071232900BA000B067C /* LaunchScreen.storyboard */ = {
			isa = PBXVariantGroup;
			children = (
				0C8DC072232900BA000B067C /* Base */,
			);
			name = LaunchScreen.storyboard;
			sourceTree = "<group>";
		};
/* End PBXVariantGroup section */

/* Begin XCBuildConfiguration section */
		0C8DC075232900BA000B067C /* Debug */ = {
			isa = XCBuildConfiguration;
			buildSettings = {
				ALWAYS_SEARCH_USER_PATHS = NO;
				CLANG_ANALYZER_NONNULL = YES;
				CLANG_ANALYZER_NUMBER_OBJECT_CONVERSION = YES_AGGRESSIVE;
				CLANG_CXX_LANGUAGE_STANDARD = "gnu++14";
				CLANG_CXX_LIBRARY = "libc++";
				CLANG_ENABLE_MODULES = YES;
				CLANG_ENABLE_OBJC_ARC = YES;
				CLANG_ENABLE_OBJC_WEAK = YES;
				CLANG_WARN_BLOCK_CAPTURE_AUTORELEASING = YES;
				CLANG_WARN_BOOL_CONVERSION = YES;
				CLANG_WARN_COMMA = YES;
				CLANG_WARN_CONSTANT_CONVERSION = YES;
				CLANG_WARN_DEPRECATED_OBJC_IMPLEMENTATIONS = YES;
				CLANG_WARN_DIRECT_OBJC_ISA_USAGE = YES_ERROR;
				CLANG_WARN_DOCUMENTATION_COMMENTS = YES;
				CLANG_WARN_EMPTY_BODY = YES;
				CLANG_WARN_ENUM_CONVERSION = YES;
				CLANG_WARN_INFINITE_RECURSION = YES;
				CLANG_WARN_INT_CONVERSION = YES;
				CLANG_WARN_NON_LITERAL_NULL_CONVERSION = YES;
				CLANG_WARN_OBJC_IMPLICIT_RETAIN_SELF = YES;
				CLANG_WARN_OBJC_LITERAL_CONVERSION = YES;
				CLANG_WARN_OBJC_ROOT_CLASS = YES_ERROR;
				CLANG_WARN_QUOTED_INCLUDE_IN_FRAMEWORK_HEADER = YES;
				CLANG_WARN_RANGE_LOOP_ANALYSIS = YES;
				CLANG_WARN_STRICT_PROTOTYPES = YES;
				CLANG_WARN_SUSPICIOUS_MOVE = YES;
				CLANG_WARN_UNGUARDED_AVAILABILITY = YES_AGGRESSIVE;
				CLANG_WARN_UNREACHABLE_CODE = YES;
				CLANG_WARN__DUPLICATE_METHOD_MATCH = YES;
				COPY_PHASE_STRIP = NO;
				DEBUG_INFORMATION_FORMAT = dwarf;
				ENABLE_STRICT_OBJC_MSGSEND = YES;
				ENABLE_TESTABILITY = YES;
				GCC_C_LANGUAGE_STANDARD = gnu11;
				GCC_DYNAMIC_NO_PIC = NO;
				GCC_NO_COMMON_BLOCKS = YES;
				GCC_OPTIMIZATION_LEVEL = 0;
				GCC_PREPROCESSOR_DEFINITIONS = (
					"DEBUG=1",
					"$(inherited)",
				);
				GCC_WARN_64_TO_32_BIT_CONVERSION = YES;
				GCC_WARN_ABOUT_RETURN_TYPE = YES_ERROR;
				GCC_WARN_UNDECLARED_SELECTOR = YES;
				GCC_WARN_UNINITIALIZED_AUTOS = YES_AGGRESSIVE;
				GCC_WARN_UNUSED_FUNCTION = YES;
				GCC_WARN_UNUSED_VARIABLE = YES;
				IPHONEOS_DEPLOYMENT_TARGET = 13.0;
				MTL_ENABLE_DEBUG_INFO = INCLUDE_SOURCE;
				MTL_FAST_MATH = YES;
				ONLY_ACTIVE_ARCH = YES;
				SDKROOT = iphoneos;
				SWIFT_ACTIVE_COMPILATION_CONDITIONS = DEBUG;
				SWIFT_OPTIMIZATION_LEVEL = "-Onone";
			};
			name = Debug;
		};
		0C8DC076232900BA000B067C /* Release */ = {
			isa = XCBuildConfiguration;
			buildSettings = {
				ALWAYS_SEARCH_USER_PATHS = NO;
				CLANG_ANALYZER_NONNULL = YES;
				CLANG_ANALYZER_NUMBER_OBJECT_CONVERSION = YES_AGGRESSIVE;
				CLANG_CXX_LANGUAGE_STANDARD = "gnu++14";
				CLANG_CXX_LIBRARY = "libc++";
				CLANG_ENABLE_MODULES = YES;
				CLANG_ENABLE_OBJC_ARC = YES;
				CLANG_ENABLE_OBJC_WEAK = YES;
				CLANG_WARN_BLOCK_CAPTURE_AUTORELEASING = YES;
				CLANG_WARN_BOOL_CONVERSION = YES;
				CLANG_WARN_COMMA = YES;
				CLANG_WARN_CONSTANT_CONVERSION = YES;
				CLANG_WARN_DEPRECATED_OBJC_IMPLEMENTATIONS = YES;
				CLANG_WARN_DIRECT_OBJC_ISA_USAGE = YES_ERROR;
				CLANG_WARN_DOCUMENTATION_COMMENTS = YES;
				CLANG_WARN_EMPTY_BODY = YES;
				CLANG_WARN_ENUM_CONVERSION = YES;
				CLANG_WARN_INFINITE_RECURSION = YES;
				CLANG_WARN_INT_CONVERSION = YES;
				CLANG_WARN_NON_LITERAL_NULL_CONVERSION = YES;
				CLANG_WARN_OBJC_IMPLICIT_RETAIN_SELF = YES;
				CLANG_WARN_OBJC_LITERAL_CONVERSION = YES;
				CLANG_WARN_OBJC_ROOT_CLASS = YES_ERROR;
				CLANG_WARN_QUOTED_INCLUDE_IN_FRAMEWORK_HEADER = YES;
				CLANG_WARN_RANGE_LOOP_ANALYSIS = YES;
				CLANG_WARN_STRICT_PROTOTYPES = YES;
				CLANG_WARN_SUSPICIOUS_MOVE = YES;
				CLANG_WARN_UNGUARDED_AVAILABILITY = YES_AGGRESSIVE;
				CLANG_WARN_UNREACHABLE_CODE = YES;
				CLANG_WARN__DUPLICATE_METHOD_MATCH = YES;
				COPY_PHASE_STRIP = NO;
				DEBUG_INFORMATION_FORMAT = "dwarf-with-dsym";
				ENABLE_NS_ASSERTIONS = NO;
				ENABLE_STRICT_OBJC_MSGSEND = YES;
				GCC_C_LANGUAGE_STANDARD = gnu11;
				GCC_NO_COMMON_BLOCKS = YES;
				GCC_WARN_64_TO_32_BIT_CONVERSION = YES;
				GCC_WARN_ABOUT_RETURN_TYPE = YES_ERROR;
				GCC_WARN_UNDECLARED_SELECTOR = YES;
				GCC_WARN_UNINITIALIZED_AUTOS = YES_AGGRESSIVE;
				GCC_WARN_UNUSED_FUNCTION = YES;
				GCC_WARN_UNUSED_VARIABLE = YES;
				IPHONEOS_DEPLOYMENT_TARGET = 13.0;
				MTL_ENABLE_DEBUG_INFO = NO;
				MTL_FAST_MATH = YES;
				SDKROOT = iphoneos;
				SWIFT_COMPILATION_MODE = wholemodule;
				SWIFT_OPTIMIZATION_LEVEL = "-O";
				VALIDATE_PRODUCT = YES;
			};
			name = Release;
		};
		0C8DC078232900BA000B067C /* Debug */ = {
			isa = XCBuildConfiguration;
			buildSettings = {
				ASSETCATALOG_COMPILER_APPICON_NAME = AppIcon;
				CODE_SIGN_STYLE = Automatic;
				DEVELOPMENT_ASSET_PATHS = "\"AVPlayer-SwiftUI/Preview Content\"";
				DEVELOPMENT_TEAM = 8C4U2M3TZ4;
				ENABLE_PREVIEWS = YES;
				INFOPLIST_FILE = "AVPlayer-SwiftUI/Info.plist";
				IPHONEOS_DEPLOYMENT_TARGET = 14.0;
				LD_RUNPATH_SEARCH_PATHS = (
					"$(inherited)",
					"@executable_path/Frameworks",
				);
				PRODUCT_BUNDLE_IDENTIFIER = "com.chrismash.AVPlayer-SwiftUI";
				PRODUCT_NAME = "$(TARGET_NAME)";
				SWIFT_VERSION = 5.0;
				TARGETED_DEVICE_FAMILY = "1,2";
			};
			name = Debug;
		};
		0C8DC079232900BA000B067C /* Release */ = {
			isa = XCBuildConfiguration;
			buildSettings = {
				ASSETCATALOG_COMPILER_APPICON_NAME = AppIcon;
				CODE_SIGN_STYLE = Automatic;
				DEVELOPMENT_ASSET_PATHS = "\"AVPlayer-SwiftUI/Preview Content\"";
				DEVELOPMENT_TEAM = 8C4U2M3TZ4;
				ENABLE_PREVIEWS = YES;
				INFOPLIST_FILE = "AVPlayer-SwiftUI/Info.plist";
				IPHONEOS_DEPLOYMENT_TARGET = 14.0;
				LD_RUNPATH_SEARCH_PATHS = (
					"$(inherited)",
					"@executable_path/Frameworks",
				);
				PRODUCT_BUNDLE_IDENTIFIER = "com.chrismash.AVPlayer-SwiftUI";
				PRODUCT_NAME = "$(TARGET_NAME)";
				SWIFT_VERSION = 5.0;
				TARGETED_DEVICE_FAMILY = "1,2";
			};
			name = Release;
		};
/* End XCBuildConfiguration section */

/* Begin XCConfigurationList section */
		0C8DC05E232900B3000B067C /* Build configuration list for PBXProject "AVPlayer-SwiftUI" */ = {
			isa = XCConfigurationList;
			buildConfigurations = (
				0C8DC075232900BA000B067C /* Debug */,
				0C8DC076232900BA000B067C /* Release */,
			);
			defaultConfigurationIsVisible = 0;
			defaultConfigurationName = Release;
		};
		0C8DC077232900BA000B067C /* Build configuration list for PBXNativeTarget "AVPlayer-SwiftUI" */ = {
			isa = XCConfigurationList;
			buildConfigurations = (
				0C8DC078232900BA000B067C /* Debug */,
				0C8DC079232900BA000B067C /* Release */,
			);
			defaultConfigurationIsVisible = 0;
			defaultConfigurationName = Release;
		};
/* End XCConfigurationList section */
	};
	rootObject = 0C8DC05B232900B3000B067C /* Project object */;
}
